{
  "object": {
    "pins": [
      {
        "package": "NetworkHelper",
        "repositoryURL": "https://github.com/alexpaul/NetworkHelperSPM",
        "state": {
          "branch": null,
          "revision": "149864c6a0aa39ada6f19cb154f12c4c30f0ddcf",
          "version": "1.0.6"
        }
      }
    ]
  },
  "version": 1
}
